
Microsoft Visual Studio Solution File, Format Version 12.00
# Visual Studio Version 16
VisualStudioVersion = 16.0.30114.105
MinimumVisualStudioVersion = 10.0.40219.1
Project("{888888A0-9F3D-457C-B088-3A5042F75D52}") = "Determine_location_of_transit_tweets", "Determine_location_of_transit_tweets.pyproj", "{2558912E-C6ED-4829-8BA3-A9E348314D5B}"
EndProject
Global
	GlobalSection(SolutionConfigurationPlatforms) = preSolution
		Debug|Any CPU = Debug|Any CPU
		Release|Any CPU = Release|Any CPU
	EndGlobalSection
	GlobalSection(ProjectConfigurationPlatforms) = postSolution
		{2558912E-C6ED-4829-8BA3-A9E348314D5B}.Debug|Any CPU.ActiveCfg = Debug|Any CPU
		{2558912E-C6ED-4829-8BA3-A9E348314D5B}.Release|Any CPU.ActiveCfg = Release|Any CPU
	EndGlobalSection
	GlobalSection(SolutionProperties) = preSolution
		HideSolutionNode = FALSE
	EndGlobalSection
	GlobalSection(ExtensibilityGlobals) = postSolution
		SolutionGuid = {27E8477C-86C0-47AF-BEDC-4B5BC0725F38}
	EndGlobalSection
EndGlobal
